<?xml version="1.0" encoding="utf-8"?>
<Project ToolsVersion="4.0" xmlns="http://schemas.microsoft.com/developer/msbuild/2003">
  <ItemGroup>
    <Filter Include="Source Files">
      <UniqueIdentifier>{4FC737F1-C7A5-4376-A066-2A32D752A2FF}</UniqueIdentifier>
      <Extensions>cpp;c;cc;cxx;c++;cppm;ixx;def;odl;idl;hpj;bat;asm;asmx</Extensions>
    </Filter>
  </ItemGroup>
  <ItemGroup>
    <ClCompile Include="src\tools\enumpoly\behavextend.cc">
      <Filter>Source Files</Filter>
    </ClCompile>
    <ClCompile Include="src\tools\enumpoly\complex.cc">
      <Filter>Source Files</Filter>
    </ClCompile>
    <ClCompile Include="src\tools\enumpoly\efgensup.cc">
      <Filter>Source Files</Filter>
    </ClCompile>
    <ClCompile Include="src\tools\enumpoly\efgpoly.cc">
      <Filter>Source Files</Filter>
    </ClCompile>
    <ClCompile Include="src\tools\enumpoly\enumpoly.cc">
      <Filter>Source Files</Filter>
    </ClCompile>
    <ClCompile Include="src\tools\enumpoly\gpartltr.cc">
      <Filter>Source Files</Filter>
    </ClCompile>
    <ClCompile Include="src\tools\enumpoly\gpoly.cc">
      <Filter>Source Files</Filter>
    </ClCompile>
    <ClCompile Include="src\tools\enumpoly\gpolyctr.cc">
      <Filter>Source Files</Filter>
    </ClCompile>
    <ClCompile Include="src\tools\enumpoly\gpolylst.cc">
      <Filter>Source Files</Filter>
    </ClCompile>
    <ClCompile Include="src\tools\enumpoly\gsolver.cc">
      <Filter>Source Files</Filter>
    </ClCompile>
    <ClCompile Include="src\tools\enumpoly\ideal.cc">
      <Filter>Source Files</Filter>
    </ClCompile>
    <ClCompile Include="src\tools\enumpoly\ineqsolv.cc">
      <Filter>Source Files</Filter>
    </ClCompile>
    <ClCompile Include="src\tools\enumpoly\interval.cc">
      <Filter>Source Files</Filter>
    </ClCompile>
    <ClCompile Include="src\tools\enumpoly\linrcomb.cc">
      <Filter>Source Files</Filter>
    </ClCompile>
    <ClCompile Include="src\tools\enumpoly\monomial.cc">
      <Filter>Source Files</Filter>
    </ClCompile>
    <ClCompile Include="src\tools\enumpoly\nfgcpoly.cc">
      <Filter>Source Files</Filter>
    </ClCompile>
    <ClCompile Include="src\tools\enumpoly\nfgensup.cc">
      <Filter>Source Files</Filter>
    </ClCompile>
    <ClCompile Include="src\tools\enumpoly\nfghs.cc">
      <Filter>Source Files</Filter>
    </ClCompile>
    <ClCompile Include="src\tools\enumpoly\nfgpoly.cc">
      <Filter>Source Files</Filter>
    </ClCompile>
    <ClCompile Include="src\tools\enumpoly\odometer.cc">
      <Filter>Source Files</Filter>
    </ClCompile>
    <ClCompile Include="src\tools\enumpoly\pelclass.cc">
      <Filter>Source Files</Filter>
    </ClCompile>
    <ClCompile Include="src\tools\enumpoly\pelclhpk.cc">
      <Filter>Source Files</Filter>
    </ClCompile>
    <ClCompile Include="src\tools\enumpoly\pelclqhl.cc">
      <Filter>Source Files</Filter>
    </ClCompile>
    <ClCompile Include="src\tools\enumpoly\pelclyal.cc">
      <Filter>Source Files</Filter>
    </ClCompile>
    <ClCompile Include="src\tools\enumpoly\pelconv.cc">
      <Filter>Source Files</Filter>
    </ClCompile>
    <ClCompile Include="src\tools\enumpoly\peleval.cc">
      <Filter>Source Files</Filter>
    </ClCompile>
    <ClCompile Include="src\tools\enumpoly\pelgennd.cc">
      <Filter>Source Files</Filter>
    </ClCompile>
    <ClCompile Include="src\tools\enumpoly\pelgmatr.cc">
      <Filter>Source Files</Filter>
    </ClCompile>
    <ClCompile Include="src\tools\enumpoly\pelhomot.cc">
      <Filter>Source Files</Filter>
    </ClCompile>
    <ClCompile Include="src\tools\enumpoly\pelpred.cc">
      <Filter>Source Files</Filter>
    </ClCompile>
    <ClCompile Include="src\tools\enumpoly\pelprgen.cc">
      <Filter>Source Files</Filter>
    </ClCompile>
    <ClCompile Include="src\tools\enumpoly\pelproc.cc">
      <Filter>Source Files</Filter>
    </ClCompile>
    <ClCompile Include="src\tools\enumpoly\pelpsys.cc">
      <Filter>Source Files</Filter>
    </ClCompile>
    <ClCompile Include="src\tools\enumpoly\pelqhull.cc">
      <Filter>Source Files</Filter>
    </ClCompile>
    <ClCompile Include="src\tools\enumpoly\pelsymbl.cc">
      <Filter>Source Files</Filter>
    </ClCompile>
    <ClCompile Include="src\tools\enumpoly\pelutils.cc">
      <Filter>Source Files</Filter>
    </ClCompile>
    <ClCompile Include="src\tools\enumpoly\poly.cc">
      <Filter>Source Files</Filter>
    </ClCompile>
    <ClCompile Include="src\tools\enumpoly\prepoly.cc">
      <Filter>Source Files</Filter>
    </ClCompile>
    <ClCompile Include="src\tools\enumpoly\quiksolv.cc">
      <Filter>Source Files</Filter>
    </ClCompile>
    <ClCompile Include="src\tools\enumpoly\rectangl.cc">
      <Filter>Source Files</Filter>
    </ClCompile>
    <ClCompile Include="src\tools\enumpoly\sfg.cc">
      <Filter>Source Files</Filter>
    </ClCompile>
    <ClCompile Include="src\tools\enumpoly\sfstrat.cc">
      <Filter>Source Files</Filter>
    </ClCompile>
  </ItemGroup>
  <ItemGroup>
    <ClInclude Include="src\tools\enumpoly\behavextend.h">
      <Filter>Source Files</Filter>
    </ClInclude>
    <ClInclude Include="src\tools\enumpoly\complex.h">
      <Filter>Source Files</Filter>
    </ClInclude>
    <ClInclude Include="src\tools\enumpoly\efgensup.h">
      <Filter>Source Files</Filter>
    </ClInclude>
    <ClInclude Include="src\tools\enumpoly\gnarray.h">
      <Filter>Source Files</Filter>
    </ClInclude>
    <ClInclude Include="src\tools\enumpoly\gpartltr.h">
      <Filter>Source Files</Filter>
    </ClInclude>
    <ClInclude Include="src\tools\enumpoly\gpoly.h">
      <Filter>Source Files</Filter>
    </ClInclude>
    <ClInclude Include="src\tools\enumpoly\gpolyctr.h">
      <Filter>Source Files</Filter>
    </ClInclude>
    <ClInclude Include="src\tools\enumpoly\gpolylst.h">
      <Filter>Source Files</Filter>
    </ClInclude>
    <ClInclude Include="src\tools\enumpoly\gsolver.h">
      <Filter>Source Files</Filter>
    </ClInclude>
    <ClInclude Include="src\tools\enumpoly\gtree.h">
      <Filter>Source Files</Filter>
    </ClInclude>
    <ClInclude Include="src\tools\enumpoly\ideal.h">
      <Filter>Source Files</Filter>
    </ClInclude>
    <ClInclude Include="src\tools\enumpoly\ineqsolv.h">
      <Filter>Source Files</Filter>
    </ClInclude>
    <ClInclude Include="src\tools\enumpoly\interval.h">
      <Filter>Source Files</Filter>
    </ClInclude>
    <ClInclude Include="src\tools\enumpoly\linrcomb.h">
      <Filter>Source Files</Filter>
    </ClInclude>
    <ClInclude Include="src\tools\enumpoly\monomial.h">
      <Filter>Source Files</Filter>
    </ClInclude>
    <ClInclude Include="src\tools\enumpoly\nfgcpoly.h">
      <Filter>Source Files</Filter>
    </ClInclude>
    <ClInclude Include="src\tools\enumpoly\nfgensup.h">
      <Filter>Source Files</Filter>
    </ClInclude>
    <ClInclude Include="src\tools\enumpoly\nfghs.h">
      <Filter>Source Files</Filter>
    </ClInclude>
    <ClInclude Include="src\tools\enumpoly\odometer.h">
      <Filter>Source Files</Filter>
    </ClInclude>
    <ClInclude Include="src\tools\enumpoly\pelclass.h">
      <Filter>Source Files</Filter>
    </ClInclude>
    <ClInclude Include="src\tools\enumpoly\pelclhpk.h">
      <Filter>Source Files</Filter>
    </ClInclude>
    <ClInclude Include="src\tools\enumpoly\pelclqhl.h">
      <Filter>Source Files</Filter>
    </ClInclude>
    <ClInclude Include="src\tools\enumpoly\pelclyal.h">
      <Filter>Source Files</Filter>
    </ClInclude>
    <ClInclude Include="src\tools\enumpoly\pelconv.h">
      <Filter>Source Files</Filter>
    </ClInclude>
    <ClInclude Include="src\tools\enumpoly\peleval.h">
      <Filter>Source Files</Filter>
    </ClInclude>
    <ClInclude Include="src\tools\enumpoly\pelgennd.h">
      <Filter>Source Files</Filter>
    </ClInclude>
    <ClInclude Include="src\tools\enumpoly\pelgmatr.h">
      <Filter>Source Files</Filter>
    </ClInclude>
    <ClInclude Include="src\tools\enumpoly\pelgntyp.h">
      <Filter>Source Files</Filter>
    </ClInclude>
    <ClInclude Include="src\tools\enumpoly\pelhomot.h">
      <Filter>Source Files</Filter>
    </ClInclude>
    <ClInclude Include="src\tools\enumpoly\pelpred.h">
      <Filter>Source Files</Filter>
    </ClInclude>
    <ClInclude Include="src\tools\enumpoly\pelprgen.h">
      <Filter>Source Files</Filter>
    </ClInclude>
    <ClInclude Include="src\tools\enumpoly\pelproc.h">
      <Filter>Source Files</Filter>
    </ClInclude>
    <ClInclude Include="src\tools\enumpoly\pelpscon.h">
      <Filter>Source Files</Filter>
    </ClInclude>
    <ClInclude Include="src\tools\enumpoly\pelpsys.h">
      <Filter>Source Files</Filter>
    </ClInclude>
    <ClInclude Include="src\tools\enumpoly\pelqhull.h">
      <Filter>Source Files</Filter>
    </ClInclude>
    <ClInclude Include="src\tools\enumpoly\pelsymbl.h">
      <Filter>Source Files</Filter>
    </ClInclude>
    <ClInclude Include="src\tools\enumpoly\pelutils.h">
      <Filter>Source Files</Filter>
    </ClInclude>
    <ClInclude Include="src\tools\enumpoly\poly.h">
      <Filter>Source Files</Filter>
    </ClInclude>
    <ClInclude Include="src\tools\enumpoly\prepoly.h">
      <Filter>Source Files</Filter>
    </ClInclude>
    <ClInclude Include="src\tools\enumpoly\quiksolv.h">
      <Filter>Source Files</Filter>
    </ClInclude>
    <ClInclude Include="src\tools\enumpoly\rectangl.h">
      <Filter>Source Files</Filter>
    </ClInclude>
    <ClInclude Include="src\tools\enumpoly\sfg.h">
      <Filter>Source Files</Filter>
    </ClInclude>
    <ClInclude Include="src\tools\enumpoly\sfstrat.h">
      <Filter>Source Files</Filter>
    </ClInclude>
  </ItemGroup>
  <ItemGroup>
    <None Include="src\tools\enumpoly\gnarray.imp">
      <Filter>Source Files</Filter>
    </None>
    <None Include="src\tools\enumpoly\gpartltr.imp">
      <Filter>Source Files</Filter>
    </None>
    <None Include="src\tools\enumpoly\gpoly.imp">
      <Filter>Source Files</Filter>
    </None>
    <None Include="src\tools\enumpoly\gpolylst.imp">
      <Filter>Source Files</Filter>
    </None>
    <None Include="src\tools\enumpoly\gsolver.imp">
      <Filter>Source Files</Filter>
    </None>
    <None Include="src\tools\enumpoly\gtree.imp">
      <Filter>Source Files</Filter>
    </None>
    <None Include="src\tools\enumpoly\ideal.imp">
      <Filter>Source Files</Filter>
    </None>
    <None Include="src\tools\enumpoly\ineqsolv.imp">
      <Filter>Source Files</Filter>
    </None>
    <None Include="src\tools\enumpoly\interval.imp">
      <Filter>Source Files</Filter>
    </None>
    <None Include="src\tools\enumpoly\linrcomb.imp">
      <Filter>Source Files</Filter>
    </None>
    <None Include="src\tools\enumpoly\monomial.imp">
      <Filter>Source Files</Filter>
    </None>
    <None Include="src\tools\enumpoly\poly.imp">
      <Filter>Source Files</Filter>
    </None>
    <None Include="src\tools\enumpoly\quiksolv.imp">
      <Filter>Source Files</Filter>
    </None>
    <None Include="src\tools\enumpoly\rectangl.imp">
      <Filter>Source Files</Filter>
    </None>
  </ItemGroup>
</Project>